
Microsoft Visual Studio Solution File, Format Version 12.00
# Visual Studio Version 16
VisualStudioVersion = 16.0.29201.188
MinimumVisualStudioVersion = 10.0.40219.1
Project("{FAE04EC0-301F-11D3-BF4B-00C04F79EFBC}") = "FactoryPattern", "FactoryPattern\FactoryPattern.csproj", "{C521D74E-109E-453E-8F37-9DDC2EA1A34B}"
EndProject
Global
	GlobalSection(SolutionConfigurationPlatforms) = preSolution
		Debug|Any CPU = Debug|Any CPU
		Release|Any CPU = Release|Any CPU
	EndGlobalSection
	GlobalSection(ProjectConfigurationPlatforms) = postSolution
		{C521D74E-109E-453E-8F37-9DDC2EA1A34B}.Debug|Any CPU.ActiveCfg = Debug|Any CPU
		{C521D74E-109E-453E-8F37-9DDC2EA1A34B}.Debug|Any CPU.Build.0 = Debug|Any CPU
		{C521D74E-109E-453E-8F37-9DDC2EA1A34B}.Release|Any CPU.ActiveCfg = Release|Any CPU
		{C521D74E-109E-453E-8F37-9DDC2EA1A34B}.Release|Any CPU.Build.0 = Release|Any CPU
	EndGlobalSection
	GlobalSection(SolutionProperties) = preSolution
		HideSolutionNode = FALSE
	EndGlobalSection
	GlobalSection(ExtensibilityGlobals) = postSolution
		SolutionGuid = {AA2236A6-5295-4DD9-A07C-D6A577027C9C}
	EndGlobalSection
EndGlobal
